# This file is automatically @generated by Cargo.
# It is not intended for manual editing.
version = 4

[[package]]
name = "example"
version = "0.1.0"
dependencies = [
 "windows-reactor",
 "windows-reactor-setup",
]

[[package]]
name = "rustc-hash"
version = "2.1.2"
source = "registry+https://github.com/rust-lang/crates.io-index"
checksum = "94300abf3f1ae2e2b8ffb7b58043de3d399c73fa6f4b73826402a5c457614dbe"

[[package]]
name = "windows-collections"
version = "0.3.2"
source = "git+https://github.com/microsoft/windows-rs#51f70b5df14ed7693bc217b9b9c36a293813cc6e"
dependencies = [
 "windows-core",
]

[[package]]
name = "windows-core"
version = "0.62.2"
source = "git+https://github.com/microsoft/windows-rs#51f70b5df14ed7693bc217b9b9c36a293813cc6e"
dependencies = [
 "windows-link",
 "windows-result",
 "windows-strings",
]

[[package]]
name = "windows-future"
version = "0.3.2"
source = "git+https://github.com/microsoft/windows-rs#51f70b5df14ed7693bc217b9b9c36a293813cc6e"
dependencies = [
 "windows-core",
 "windows-link",
 "windows-threading",
]

[[package]]
name = "windows-link"
version = "0.2.1"
source = "git+https://github.com/microsoft/windows-rs#51f70b5df14ed7693bc217b9b9c36a293813cc6e"

[[package]]
name = "windows-numerics"
version = "0.3.1"
source = "git+https://github.com/microsoft/windows-rs#51f70b5df14ed7693bc217b9b9c36a293813cc6e"
dependencies = [
 "windows-core",
 "windows-link",
]

[[package]]
name = "windows-reactor"
version = "0.0.0"
source = "git+https://github.com/microsoft/windows-rs#51f70b5df14ed7693bc217b9b9c36a293813cc6e"
dependencies = [
 "rustc-hash",
 "windows-collections",
 "windows-core",
 "windows-future",
 "windows-numerics",
 "windows-reference",
 "windows-threading",
 "windows-time",
]

[[package]]
name = "windows-reactor-setup"
version = "0.0.0"
source = "git+https://github.com/microsoft/windows-rs#51f70b5df14ed7693bc217b9b9c36a293813cc6e"

[[package]]
name = "windows-reference"
version = "0.1.0"
source = "git+https://github.com/microsoft/windows-rs#51f70b5df14ed7693bc217b9b9c36a293813cc6e"
dependencies = [
 "windows-core",
 "windows-time",
]

[[package]]
name = "windows-result"
version = "0.4.1"
source = "git+https://github.com/microsoft/windows-rs#51f70b5df14ed7693bc217b9b9c36a293813cc6e"
dependencies = [
 "windows-link",
]

[[package]]
name = "windows-strings"
version = "0.5.1"
source = "git+https://github.com/microsoft/windows-rs#51f70b5df14ed7693bc217b9b9c36a293813cc6e"
dependencies = [
 "windows-link",
]

[[package]]
name = "windows-threading"
version = "0.2.1"
source = "git+https://github.com/microsoft/windows-rs#51f70b5df14ed7693bc217b9b9c36a293813cc6e"
dependencies = [
 "windows-link",
]

[[package]]
name = "windows-time"
version = "0.1.0"
source = "git+https://github.com/microsoft/windows-rs#51f70b5df14ed7693bc217b9b9c36a293813cc6e"
dependencies = [
 "windows-core",
 "windows-link",
]
